// !$*UTF8*$!
{
	archiveVersion = 1;
	classes = {
	};
	objectVersion = 50;
	objects = {

/* Begin PBXBuildFile section */
		FDF54CC62116D0A900C4441B /* AppDelegate.swift in Sources */ = {isa = PBXBuildFile; fileRef = FDF54CC52116D0A900C4441B /* AppDelegate.swift */; };
		FDF54CC82116D0A900C4441B /* ViewController.swift in Sources */ = {isa = PBXBuildFile; fileRef = FDF54CC72116D0A900C4441B /* ViewController.swift */; };
		FDF54CCB2116D0A900C4441B /* Main.storyboard in Resources */ = {isa = PBXBuildFile; fileRef = FDF54CC92116D0A900C4441B /* Main.storyboard */; };
		FDF54CCD2116D0AC00C4441B /* Assets.xcassets in Resources */ = {isa = PBXBuildFile; fileRef = FDF54CCC2116D0AC00C4441B /* Assets.xcassets */; };
		FDF54CD02116D0AC00C4441B /* LaunchScreen.storyboard in Resources */ = {isa = PBXBuildFile; fileRef = FDF54CCE2116D0AC00C4441B /* LaunchScreen.storyboard */; };
		FDF54CD92116D41300C4441B /* light_saber1.mp3 in Resources */ = {isa = PBXBuildFile; fileRef = FDF54CD72116D41300C4441B /* light_saber1.mp3 */; };
		FDF54CDA2116D41300C4441B /* light_saber3.mp3 in Resources */ = {isa = PBXBuildFile; fileRef = FDF54CD82116D41300C4441B /* light_saber3.mp3 */; };
/* End PBXBuildFile section */

/* Begin PBXFileReference section */
		FDF54CC22116D0A900C4441B /* lightSaber.app */ = {isa = PBXFileReference; explicitFileType = wrapper.application; includeInIndex = 0; path = lightSaber.app; sourceTree = BUILT_PRODUCTS_DIR; };
		FDF54CC52116D0A900C4441B /* AppDelegate.swift */ = {isa = PBXFileReference; lastKnownFileType = sourcecode.swift; path = AppDelegate.swift; sourceTree = "<group>"; };
		FDF54CC72116D0A900C4441B /* ViewController.swift */ = {isa = PBXFileReference; lastKnownFileType = sourcecode.swift; path = ViewController.swift; sourceTree = "<group>"; };
		FDF54CCA2116D0A900C4441B /* Base */ = {isa = PBXFileReference; lastKnownFileType = file.storyboard; name = Base; path = Base.lproj/Main.storyboard; sourceTree = "<group>"; };
		FDF54CCC2116D0AC00C4441B /* Assets.xcassets */ = {isa = PBXFileReference; lastKnownFileType = folder.assetcatalog; path = Assets.xcassets; sourceTree = "<group>"; };
		FDF54CCF2116D0AC00C4441B /* Base */ = {isa = PBXFileReference; lastKnownFileType = file.storyboard; name = Base; path = Base.lproj/LaunchScreen.storyboard; sourceTree = "<group>"; };
		FDF54CD12116D0AC00C4441B /* Info.plist */ = {isa = PBXFileReference; lastKnownFileType = text.plist.xml; path = Info.plist; sourceTree = "<group>"; };
		FDF54CD72116D41300C4441B /* light_saber1.mp3 */ = {isa = PBXFileReference; lastKnownFileType = audio.mp3; name = light_saber1.mp3; path = ../../../Downloads/sound/light_saber1.mp3; sourceTree = "<group>"; };
		FDF54CD82116D41300C4441B /* light_saber3.mp3 */ = {isa = PBXFileReference; lastKnownFileType = audio.mp3; name = light_saber3.mp3; path = ../../../Downloads/sound/light_saber3.mp3; sourceTree = "<group>"; };
/* End PBXFileReference section */

/* Begin PBXFrameworksBuildPhase section */
		FDF54CBF2116D0A900C4441B /* Frameworks */ = {
			isa = PBXFrameworksBuildPhase;
			buildActionMask = 2147483647;
			files = (
			);
			runOnlyForDeploymentPostprocessing = 0;
		};
/* End PBXFrameworksBuildPhase section */

/* Begin PBXGroup section */
		FDF54CB92116D0A900C4441B = {
			isa = PBXGroup;
			children = (
				FDF54CC42116D0A900C4441B /* lightSaber */,
				FDF54CC32116D0A900C4441B /* Products */,
			);
			sourceTree = "<group>";
		};
		FDF54CC32116D0A900C4441B /* Products */ = {
			isa = PBXGroup;
			children = (
				FDF54CC22116D0A900C4441B /* lightSaber.app */,
			);
			name = Products;
			sourceTree = "<group>";
		};
		FDF54CC42116D0A900C4441B /* lightSaber */ = {
			isa = PBXGroup;
			children = (
				FDF54CC52116D0A900C4441B /* AppDelegate.swift */,
				FDF54CC72116D0A900C4441B /* ViewController.swift */,
				FDF54CC92116D0A900C4441B /* Main.storyboard */,
				FDF54CCC2116D0AC00C4441B /* Assets.xcassets */,
				FDF54CCE2116D0AC00C4441B /* LaunchScreen.storyboard */,
				FDF54CD12116D0AC00C4441B /* Info.plist */,
				FDF54CD72116D41300C4441B /* light_saber1.mp3 */,
				FDF54CD82116D41300C4441B /* light_saber3.mp3 */,
			);
			path = lightSaber;
			sourceTree = "<group>";
		};
/* End PBXGroup section */

/* Begin PBXNativeTarget section */
		FDF54CC12116D0A900C4441B /* lightSaber */ = {
			isa = PBXNativeTarget;
			buildConfigurationList = FDF54CD42116D0AC00C4441B /* Build configuration list for PBXNativeTarget "lightSaber" */;
			buildPhases = (
				FDF54CBE2116D0A900C4441B /* Sources */,
				FDF54CBF2116D0A900C4441B /* Frameworks */,
				FDF54CC02116D0A900C4441B /* Resources */,
			);
			buildRules = (
			);
			dependencies = (
			);
			name = lightSaber;
			productName = lightSaber;
			productReference = FDF54CC22116D0A900C4441B /* lightSaber.app */;
			productType = "com.apple.product-type.application";
		};
/* End PBXNativeTarget section */

/* Begin PBXProject section */
		FDF54CBA2116D0A900C4441B /* Project object */ = {
			isa = PBXProject;
			attributes = {
				LastSwiftUpdateCheck = 0940;
				LastUpgradeCheck = 0940;
				ORGANIZATIONNAME = xyz.app;
				TargetAttributes = {
					FDF54CC12116D0A900C4441B = {
						CreatedOnToolsVersion = 9.4.1;
					};
				};
			};
			buildConfigurationList = FDF54CBD2116D0A900C4441B /* Build configuration list for PBXProject "lightSaber" */;
			compatibilityVersion = "Xcode 9.3";
			developmentRegion = en;
			hasScannedForEncodings = 0;
			knownRegions = (
				en,
				Base,
			);
			mainGroup = FDF54CB92116D0A900C4441B;
			productRefGroup = FDF54CC32116D0A900C4441B /* Products */;
			projectDirPath = "";
			projectRoot = "";
			targets = (
				FDF54CC12116D0A900C4441B /* lightSaber */,
			);
		};
/* End PBXProject section */

/* Begin PBXResourcesBuildPhase section */
		FDF54CC02116D0A900C4441B /* Resources */ = {
			isa = PBXResourcesBuildPhase;
			buildActionMask = 2147483647;
			files = (
				FDF54CD02116D0AC00C4441B /* LaunchScreen.storyboard in Resources */,
				FDF54CDA2116D41300C4441B /* light_saber3.mp3 in Resources */,
				FDF54CCD2116D0AC00C4441B /* Assets.xcassets in Resources */,
				FDF54CCB2116D0A900C4441B /* Main.storyboard in Resources */,
				FDF54CD92116D41300C4441B /* light_saber1.mp3 in Resources */,
			);
			runOnlyForDeploymentPostprocessing = 0;
		};
/* End PBXResourcesBuildPhase section */

/* Begin PBXSourcesBuildPhase section */
		FDF54CBE2116D0A900C4441B /* Sources */ = {
			isa = PBXSourcesBuildPhase;
			buildActionMask = 2147483647;
			files = (
				FDF54CC82116D0A900C4441B /* ViewController.swift in Sources */,
				FDF54CC62116D0A900C4441B /* AppDelegate.swift in Sources */,
			);
			runOnlyForDeploymentPostprocessing = 0;
		};
/* End PBXSourcesBuildPhase section */

/* Begin PBXVariantGroup section */
		FDF54CC92116D0A900C4441B /* Main.storyboard */ = {
			isa = PBXVariantGroup;
			children = (
				FDF54CCA2116D0A900C4441B /* Base */,
			);
			name = Main.storyboard;
			sourceTree = "<group>";
		};
		FDF54CCE2116D0AC00C4441B /* LaunchScreen.storyboard */ = {
			isa = PBXVariantGroup;
			children = (
				FDF54CCF2116D0AC00C4441B /* Base */,
			);
			name = LaunchScreen.storyboard;
			sourceTree = "<group>";
		};
/* End PBXVariantGroup section */

/* Begin XCBuildConfiguration section */
		FDF54CD22116D0AC00C4441B /* Debug */ = {
			isa = XCBuildConfiguration;
			buildSettings = {
				ALWAYS_SEARCH_USER_PATHS = NO;
				CLANG_ANALYZER_NONNULL = YES;
				CLANG_ANALYZER_NUMBER_OBJECT_CONVERSION = YES_AGGRESSIVE;
				CLANG_CXX_LANGUAGE_STANDARD = "gnu++14";
				CLANG_CXX_LIBRARY = "libc++";
				CLANG_ENABLE_MODULES = YES;
				CLANG_ENABLE_OBJC_ARC = YES;
				CLANG_ENABLE_OBJC_WEAK = YES;
				CLANG_WARN_BLOCK_CAPTURE_AUTORELEASING = YES;
				CLANG_WARN_BOOL_CONVERSION = YES;
				CLANG_WARN_COMMA = YES;
				CLANG_WARN_CONSTANT_CONVERSION = YES;
				CLANG_WARN_DEPRECATED_OBJC_IMPLEMENTATIONS = YES;
				CLANG_WARN_DIRECT_OBJC_ISA_USAGE = YES_ERROR;
				CLANG_WARN_DOCUMENTATION_COMMENTS = YES;
				CLANG_WARN_EMPTY_BODY = YES;
				CLANG_WARN_ENUM_CONVERSION = YES;
				CLANG_WARN_INFINITE_RECURSION = YES;
				CLANG_WARN_INT_CONVERSION = YES;
				CLANG_WARN_NON_LITERAL_NULL_CONVERSION = YES;
				CLANG_WARN_OBJC_IMPLICIT_RETAIN_SELF = YES;
				CLANG_WARN_OBJC_LITERAL_CONVERSION = YES;
				CLANG_WARN_OBJC_ROOT_CLASS = YES_ERROR;
				CLANG_WARN_RANGE_LOOP_ANALYSIS = YES;
				CLANG_WARN_STRICT_PROTOTYPES = YES;
				CLANG_WARN_SUSPICIOUS_MOVE = YES;
				CLANG_WARN_UNGUARDED_AVAILABILITY = YES_AGGRESSIVE;
				CLANG_WARN_UNREACHABLE_CODE = YES;
				CLANG_WARN__DUPLICATE_METHOD_MATCH = YES;
				CODE_SIGN_IDENTITY = "iPhone Developer";
				COPY_PHASE_STRIP = NO;
				DEBUG_INFORMATION_FORMAT = dwarf;
				ENABLE_STRICT_OBJC_MSGSEND = YES;
				ENABLE_TESTABILITY = YES;
				GCC_C_LANGUAGE_STANDARD = gnu11;
				GCC_DYNAMIC_NO_PIC = NO;
				GCC_NO_COMMON_BLOCKS = YES;
				GCC_OPTIMIZATION_LEVEL = 0;
				GCC_PREPROCESSOR_DEFINITIONS = (
					"DEBUG=1",
					"$(inherited)",
				);
				GCC_WARN_64_TO_32_BIT_CONVERSION = YES;
				GCC_WARN_ABOUT_RETURN_TYPE = YES_ERROR;
				GCC_WARN_UNDECLARED_SELECTOR = YES;
				GCC_WARN_UNINITIALIZED_AUTOS = YES_AGGRESSIVE;
				GCC_WARN_UNUSED_FUNCTION = YES;
				GCC_WARN_UNUSED_VARIABLE = YES;
				IPHONEOS_DEPLOYMENT_TARGET = 11.4;
				MTL_ENABLE_DEBUG_INFO = YES;
				ONLY_ACTIVE_ARCH = YES;
				SDKROOT = iphoneos;
				SWIFT_ACTIVE_COMPILATION_CONDITIONS = DEBUG;
				SWIFT_OPTIMIZATION_LEVEL = "-Onone";
			};
			name = Debug;
		};
		FDF54CD32116D0AC00C4441B /* Release */ = {
			isa = XCBuildConfiguration;
			buildSettings = {
				ALWAYS_SEARCH_USER_PATHS = NO;
				CLANG_ANALYZER_NONNULL = YES;
				CLANG_ANALYZER_NUMBER_OBJECT_CONVERSION = YES_AGGRESSIVE;
				CLANG_CXX_LANGUAGE_STANDARD = "gnu++14";
				CLANG_CXX_LIBRARY = "libc++";
				CLANG_ENABLE_MODULES = YES;
				CLANG_ENABLE_OBJC_ARC = YES;
				CLANG_ENABLE_OBJC_WEAK = YES;
				CLANG_WARN_BLOCK_CAPTURE_AUTORELEASING = YES;
				CLANG_WARN_BOOL_CONVERSION = YES;
				CLANG_WARN_COMMA = YES;
				CLANG_WARN_CONSTANT_CONVERSION = YES;
				CLANG_WARN_DEPRECATED_OBJC_IMPLEMENTATIONS = YES;
				CLANG_WARN_DIRECT_OBJC_ISA_USAGE = YES_ERROR;
				CLANG_WARN_DOCUMENTATION_COMMENTS = YES;
				CLANG_WARN_EMPTY_BODY = YES;
				CLANG_WARN_ENUM_CONVERSION = YES;
				CLANG_WARN_INFINITE_RECURSION = YES;
				CLANG_WARN_INT_CONVERSION = YES;
				CLANG_WARN_NON_LITERAL_NULL_CONVERSION = YES;
				CLANG_WARN_OBJC_IMPLICIT_RETAIN_SELF = YES;
				CLANG_WARN_OBJC_LITERAL_CONVERSION = YES;
				CLANG_WARN_OBJC_ROOT_CLASS = YES_ERROR;
				CLANG_WARN_RANGE_LOOP_ANALYSIS = YES;
				CLANG_WARN_STRICT_PROTOTYPES = YES;
				CLANG_WARN_SUSPICIOUS_MOVE = YES;
				CLANG_WARN_UNGUARDED_AVAILABILITY = YES_AGGRESSIVE;
				CLANG_WARN_UNREACHABLE_CODE = YES;
				CLANG_WARN__DUPLICATE_METHOD_MATCH = YES;
				CODE_SIGN_IDENTITY = "iPhone Developer";
				COPY_PHASE_STRIP = NO;
				DEBUG_INFORMATION_FORMAT = "dwarf-with-dsym";
				ENABLE_NS_ASSERTIONS = NO;
				ENABLE_STRICT_OBJC_MSGSEND = YES;
				GCC_C_LANGUAGE_STANDARD = gnu11;
				GCC_NO_COMMON_BLOCKS = YES;
				GCC_WARN_64_TO_32_BIT_CONVERSION = YES;
				GCC_WARN_ABOUT_RETURN_TYPE = YES_ERROR;
				GCC_WARN_UNDECLARED_SELECTOR = YES;
				GCC_WARN_UNINITIALIZED_AUTOS = YES_AGGRESSIVE;
				GCC_WARN_UNUSED_FUNCTION = YES;
				GCC_WARN_UNUSED_VARIABLE = YES;
				IPHONEOS_DEPLOYMENT_TARGET = 11.4;
				MTL_ENABLE_DEBUG_INFO = NO;
				SDKROOT = iphoneos;
				SWIFT_COMPILATION_MODE = wholemodule;
				SWIFT_OPTIMIZATION_LEVEL = "-O";
				VALIDATE_PRODUCT = YES;
			};
			name = Release;
		};
		FDF54CD52116D0AC00C4441B /* Debug */ = {
			isa = XCBuildConfiguration;
			buildSettings = {
				ASSETCATALOG_COMPILER_APPICON_NAME = AppIcon;
				CODE_SIGN_STYLE = Automatic;
				DEVELOPMENT_TEAM = 6388KW6ZA6;
				INFOPLIST_FILE = lightSaber/Info.plist;
				LD_RUNPATH_SEARCH_PATHS = (
					"$(inherited)",
					"@executable_path/Frameworks",
				);
				PRODUCT_BUNDLE_IDENTIFIER = jp.co.kazehare.lightSaber;
				PRODUCT_NAME = "$(TARGET_NAME)";
				SWIFT_VERSION = 4.0;
				TARGETED_DEVICE_FAMILY = "1,2";
			};
			name = Debug;
		};
		FDF54CD62116D0AC00C4441B /* Release */ = {
			isa = XCBuildConfiguration;
			buildSettings = {
				ASSETCATALOG_COMPILER_APPICON_NAME = AppIcon;
				CODE_SIGN_STYLE = Automatic;
				DEVELOPMENT_TEAM = 6388KW6ZA6;
				INFOPLIST_FILE = lightSaber/Info.plist;
				LD_RUNPATH_SEARCH_PATHS = (
					"$(inherited)",
					"@executable_path/Frameworks",
				);
				PRODUCT_BUNDLE_IDENTIFIER = jp.co.kazehare.lightSaber;
				PRODUCT_NAME = "$(TARGET_NAME)";
				SWIFT_VERSION = 4.0;
				TARGETED_DEVICE_FAMILY = "1,2";
			};
			name = Release;
		};
/* End XCBuildConfiguration section */

/* Begin XCConfigurationList section */
		FDF54CBD2116D0A900C4441B /* Build configuration list for PBXProject "lightSaber" */ = {
			isa = XCConfigurationList;
			buildConfigurations = (
				FDF54CD22116D0AC00C4441B /* Debug */,
				FDF54CD32116D0AC00C4441B /* Release */,
			);
			defaultConfigurationIsVisible = 0;
			defaultConfigurationName = Release;
		};
		FDF54CD42116D0AC00C4441B /* Build configuration list for PBXNativeTarget "lightSaber" */ = {
			isa = XCConfigurationList;
			buildConfigurations = (
				FDF54CD52116D0AC00C4441B /* Debug */,
				FDF54CD62116D0AC00C4441B /* Release */,
			);
			defaultConfigurationIsVisible = 0;
			defaultConfigurationName = Release;
		};
/* End XCConfigurationList section */
	};
	rootObject = FDF54CBA2116D0A900C4441B /* Project object */;
}
